{
  "requires": true,
  "lockfileVersion": 1,
  "dependencies": {
    "component-url": {
      "version": "0.2.1",
      "resolved": "https://registry.npmjs.org/component-url/-/component-url-0.2.1.tgz",
      "integrity": "sha1-Tk9HmcQ+rZ/TzpG1owXSICCP7kc="
    },
    "parse-link": {
      "version": "1.0.1",
      "resolved": "https://registry.npmjs.org/parse-link/-/parse-link-1.0.1.tgz",
      "integrity": "sha512-xglm3Dlba4S5HLxT3vOaHtyRQCQQnjzkpjDPRkGBGwxD+p0iYqmkYQXdJMtcAFbycfqkSQIyXe+l5i0AKAm2OQ==",
      "requires": {
        "component-url": "0.2.1"
      }
    }
  }
}
